
Microsoft Visual Studio Solution File, Format Version 12.00
# Visual Studio Version 16
VisualStudioVersion = 16.0.28803.352
MinimumVisualStudioVersion = 10.0.40219.1
Project("{9A19103F-16F7-4668-BE54-9A1E7A4F7556}") = "WebApplication3", "WebApplication3\WebApplication3.csproj", "{0BFF07B7-723A-4E3A-A3D6-3D7D76FA4CFE}"
EndProject
Project("{E53339B2-1760-4266-BCC7-CA923CBCF16C}") = "docker-compose", "docker-compose.dcproj", "{91CAB619-17E1-4241-A3C3-12123BB9348A}"
EndProject
Project("{9A19103F-16F7-4668-BE54-9A1E7A4F7556}") = "WebApplication4", "WebApplication4\WebApplication4.csproj", "{C4D1B5B0-98F3-496B-9C92-B5861179970A}"
EndProject
Global
	GlobalSection(SolutionConfigurationPlatforms) = preSolution
		Debug|Any CPU = Debug|Any CPU
		Release|Any CPU = Release|Any CPU
	EndGlobalSection
	GlobalSection(ProjectConfigurationPlatforms) = postSolution
		{0BFF07B7-723A-4E3A-A3D6-3D7D76FA4CFE}.Debug|Any CPU.ActiveCfg = Debug|Any CPU
		{0BFF07B7-723A-4E3A-A3D6-3D7D76FA4CFE}.Debug|Any CPU.Build.0 = Debug|Any CPU
		{0BFF07B7-723A-4E3A-A3D6-3D7D76FA4CFE}.Release|Any CPU.ActiveCfg = Release|Any CPU
		{0BFF07B7-723A-4E3A-A3D6-3D7D76FA4CFE}.Release|Any CPU.Build.0 = Release|Any CPU
		{91CAB619-17E1-4241-A3C3-12123BB9348A}.Debug|Any CPU.ActiveCfg = Debug|Any CPU
		{91CAB619-17E1-4241-A3C3-12123BB9348A}.Debug|Any CPU.Build.0 = Debug|Any CPU
		{91CAB619-17E1-4241-A3C3-12123BB9348A}.Release|Any CPU.ActiveCfg = Release|Any CPU
		{91CAB619-17E1-4241-A3C3-12123BB9348A}.Release|Any CPU.Build.0 = Release|Any CPU
		{C4D1B5B0-98F3-496B-9C92-B5861179970A}.Debug|Any CPU.ActiveCfg = Debug|Any CPU
		{C4D1B5B0-98F3-496B-9C92-B5861179970A}.Debug|Any CPU.Build.0 = Debug|Any CPU
		{C4D1B5B0-98F3-496B-9C92-B5861179970A}.Release|Any CPU.ActiveCfg = Release|Any CPU
		{C4D1B5B0-98F3-496B-9C92-B5861179970A}.Release|Any CPU.Build.0 = Release|Any CPU
	EndGlobalSection
	GlobalSection(SolutionProperties) = preSolution
		HideSolutionNode = FALSE
	EndGlobalSection
	GlobalSection(ExtensibilityGlobals) = postSolution
		SolutionGuid = {13A1C5BF-6489-4C0D-953A-6975F6064C04}
	EndGlobalSection
EndGlobal
